
Microsoft Visual Studio Solution File, Format Version 12.00
# Visual Studio Version 16
VisualStudioVersion = 16.0.30907.101
MinimumVisualStudioVersion = 10.0.40219.1
Project("{FAE04EC0-301F-11D3-BF4B-00C04F79EFBC}") = "Lab_1_1", "Lab_1_1\Lab_1_1.csproj", "{6E1F73AC-6671-4BE9-89F3-D260CB2EBB16}"
EndProject
Project("{FAE04EC0-301F-11D3-BF4B-00C04F79EFBC}") = "Lab_1_2", "Lab_1_2\Lab_1_2.csproj", "{D4523960-6D9F-4793-8919-750C48C999EF}"
EndProject
Project("{FAE04EC0-301F-11D3-BF4B-00C04F79EFBC}") = "MdiApplication", "MdiApplication\MdiApplication.csproj", "{670B76A0-4481-4E20-892F-B2008846C0A2}"
EndProject
Project("{FAE04EC0-301F-11D3-BF4B-00C04F79EFBC}") = "Lab_1_ComTask_1", "Lab_1_ComTask_1\Lab_1_ComTask_1.csproj", "{212D2CAA-01B0-43D5-8ECC-C0647210F4A9}"
EndProject
Global
	GlobalSection(SolutionConfigurationPlatforms) = preSolution
		Debug|Any CPU = Debug|Any CPU
		Release|Any CPU = Release|Any CPU
	EndGlobalSection
	GlobalSection(ProjectConfigurationPlatforms) = postSolution
		{6E1F73AC-6671-4BE9-89F3-D260CB2EBB16}.Debug|Any CPU.ActiveCfg = Debug|Any CPU
		{6E1F73AC-6671-4BE9-89F3-D260CB2EBB16}.Debug|Any CPU.Build.0 = Debug|Any CPU
		{6E1F73AC-6671-4BE9-89F3-D260CB2EBB16}.Release|Any CPU.ActiveCfg = Release|Any CPU
		{6E1F73AC-6671-4BE9-89F3-D260CB2EBB16}.Release|Any CPU.Build.0 = Release|Any CPU
		{D4523960-6D9F-4793-8919-750C48C999EF}.Debug|Any CPU.ActiveCfg = Debug|Any CPU
		{D4523960-6D9F-4793-8919-750C48C999EF}.Debug|Any CPU.Build.0 = Debug|Any CPU
		{D4523960-6D9F-4793-8919-750C48C999EF}.Release|Any CPU.ActiveCfg = Release|Any CPU
		{D4523960-6D9F-4793-8919-750C48C999EF}.Release|Any CPU.Build.0 = Release|Any CPU
		{670B76A0-4481-4E20-892F-B2008846C0A2}.Debug|Any CPU.ActiveCfg = Debug|Any CPU
		{670B76A0-4481-4E20-892F-B2008846C0A2}.Debug|Any CPU.Build.0 = Debug|Any CPU
		{670B76A0-4481-4E20-892F-B2008846C0A2}.Release|Any CPU.ActiveCfg = Release|Any CPU
		{670B76A0-4481-4E20-892F-B2008846C0A2}.Release|Any CPU.Build.0 = Release|Any CPU
		{212D2CAA-01B0-43D5-8ECC-C0647210F4A9}.Debug|Any CPU.ActiveCfg = Debug|Any CPU
		{212D2CAA-01B0-43D5-8ECC-C0647210F4A9}.Debug|Any CPU.Build.0 = Debug|Any CPU
		{212D2CAA-01B0-43D5-8ECC-C0647210F4A9}.Release|Any CPU.ActiveCfg = Release|Any CPU
		{212D2CAA-01B0-43D5-8ECC-C0647210F4A9}.Release|Any CPU.Build.0 = Release|Any CPU
	EndGlobalSection
	GlobalSection(SolutionProperties) = preSolution
		HideSolutionNode = FALSE
	EndGlobalSection
	GlobalSection(ExtensibilityGlobals) = postSolution
		SolutionGuid = {EEC4400C-3D82-41AF-916D-5CECDB196A14}
	EndGlobalSection
EndGlobal
